// !$*UTF8*$!
{
	archiveVersion = 1;
	classes = {
	};
	objectVersion = 46;
	objects = {

/* Begin PBXBuildFile section */
		340CBAF619DA7DD300B87DFF /* Result.swift in Sources */ = {isa = PBXBuildFile; fileRef = 3492CA9419DA723D005173BB /* Result.swift */; };
		340CBAF719DA7DD700B87DFF /* Parity.swift in Sources */ = {isa = PBXBuildFile; fileRef = 3412D3A019CB306F00CA8447 /* Parity.swift */; };
		340CBAF819DA7DD900B87DFF /* Direction.swift in Sources */ = {isa = PBXBuildFile; fileRef = 3412D39E19CB2FCE00CA8447 /* Direction.swift */; };
		340CBAF919DA7DDC00B87DFF /* Geohash.swift in Sources */ = {isa = PBXBuildFile; fileRef = 34BAF16519B8A24E00B00AF8 /* Geohash.swift */; };
		3412D39F19CB2FCE00CA8447 /* Direction.swift in Sources */ = {isa = PBXBuildFile; fileRef = 3412D39E19CB2FCE00CA8447 /* Direction.swift */; };
		3412D3A119CB306F00CA8447 /* Parity.swift in Sources */ = {isa = PBXBuildFile; fileRef = 3412D3A019CB306F00CA8447 /* Parity.swift */; };
		3437ADFE19DA45FB00BE371E /* HashEncoding.swift in Sources */ = {isa = PBXBuildFile; fileRef = 3437ADFD19DA45FB00BE371E /* HashEncoding.swift */; };
		3437ADFF19DA45FB00BE371E /* HashEncoding.swift in Sources */ = {isa = PBXBuildFile; fileRef = 3437ADFD19DA45FB00BE371E /* HashEncoding.swift */; };
		3457AB011A0D109400C67ACD /* Longitude.swift in Sources */ = {isa = PBXBuildFile; fileRef = 3457AB001A0D109400C67ACD /* Longitude.swift */; };
		3457AB021A0D149900C67ACD /* Longitude.swift in Sources */ = {isa = PBXBuildFile; fileRef = 3457AB001A0D109400C67ACD /* Longitude.swift */; };
		3457AB041A0D150F00C67ACD /* LongitudeTests.swift in Sources */ = {isa = PBXBuildFile; fileRef = 3457AB031A0D150F00C67ACD /* LongitudeTests.swift */; };
		347A78D01A00E5BC007F2FBC /* Coverage.swift in Sources */ = {isa = PBXBuildFile; fileRef = 347A78CF1A00E5BC007F2FBC /* Coverage.swift */; };
		3492CA9519DA723D005173BB /* Result.swift in Sources */ = {isa = PBXBuildFile; fileRef = 3492CA9419DA723D005173BB /* Result.swift */; };
		34A7CBB319B75FE80012606F /* main.swift in Sources */ = {isa = PBXBuildFile; fileRef = 34A7CBB219B75FE80012606F /* main.swift */; };
		34A7CBB519B75FE80012606F /* MapViewController.swift in Sources */ = {isa = PBXBuildFile; fileRef = 34A7CBB419B75FE80012606F /* MapViewController.swift */; };
		34A7CBB719B75FE80012606F /* AppDelegate.swift in Sources */ = {isa = PBXBuildFile; fileRef = 34A7CBB619B75FE80012606F /* AppDelegate.swift */; };
		34A7CBB919B75FE80012606F /* Images.xcassets in Resources */ = {isa = PBXBuildFile; fileRef = 34A7CBB819B75FE80012606F /* Images.xcassets */; };
		34A7CBBC19B75FE80012606F /* Main.storyboard in Resources */ = {isa = PBXBuildFile; fileRef = 34A7CBBA19B75FE80012606F /* Main.storyboard */; };
		34A7CBC819B75FE80012606F /* Geohash_ToolTests.swift in Sources */ = {isa = PBXBuildFile; fileRef = 34A7CBC719B75FE80012606F /* Geohash_ToolTests.swift */; };
		34A7CBD219B7665F0012606F /* MapKit.framework in Frameworks */ = {isa = PBXBuildFile; fileRef = 34A7CBD119B7665F0012606F /* MapKit.framework */; };
		34BAF16619B8A24E00B00AF8 /* Geohash.swift in Sources */ = {isa = PBXBuildFile; fileRef = 34BAF16519B8A24E00B00AF8 /* Geohash.swift */; };
		34C3150619DABA4000F968D8 /* GeohashError.swift in Sources */ = {isa = PBXBuildFile; fileRef = 34C3150519DABA4000F968D8 /* GeohashError.swift */; };
		34C3150719DABA4000F968D8 /* GeohashError.swift in Sources */ = {isa = PBXBuildFile; fileRef = 34C3150519DABA4000F968D8 /* GeohashError.swift */; };
		34C3150A19DB069A00F968D8 /* HashEncodingTests.swift in Sources */ = {isa = PBXBuildFile; fileRef = 34C3150819DB069A00F968D8 /* HashEncodingTests.swift */; };
		34C3150C19DB0D8A00F968D8 /* GeohashTests.swift in Sources */ = {isa = PBXBuildFile; fileRef = 34C3150B19DB0D8A00F968D8 /* GeohashTests.swift */; };
		34C7AD1E1A132A6500601CE9 /* CoverageTests.swift in Sources */ = {isa = PBXBuildFile; fileRef = 34C7AD1D1A132A6500601CE9 /* CoverageTests.swift */; };
		34C7AD1F1A13A87900601CE9 /* Coverage.swift in Sources */ = {isa = PBXBuildFile; fileRef = 347A78CF1A00E5BC007F2FBC /* Coverage.swift */; };
/* End PBXBuildFile section */

/* Begin PBXContainerItemProxy section */
		34A7CBC219B75FE80012606F /* PBXContainerItemProxy */ = {
			isa = PBXContainerItemProxy;
			containerPortal = 34A7CBA519B75FE80012606F /* Project object */;
			proxyType = 1;
			remoteGlobalIDString = 34A7CBAC19B75FE80012606F;
			remoteInfo = "Geohash Tool";
		};
/* End PBXContainerItemProxy section */

/* Begin PBXFileReference section */
		3412D39E19CB2FCE00CA8447 /* Direction.swift */ = {isa = PBXFileReference; fileEncoding = 4; lastKnownFileType = sourcecode.swift; path = Direction.swift; sourceTree = "<group>"; };
		3412D3A019CB306F00CA8447 /* Parity.swift */ = {isa = PBXFileReference; fileEncoding = 4; lastKnownFileType = sourcecode.swift; path = Parity.swift; sourceTree = "<group>"; };
		3437ADFD19DA45FB00BE371E /* HashEncoding.swift */ = {isa = PBXFileReference; fileEncoding = 4; lastKnownFileType = sourcecode.swift; path = HashEncoding.swift; sourceTree = "<group>"; };
		3457AB001A0D109400C67ACD /* Longitude.swift */ = {isa = PBXFileReference; fileEncoding = 4; lastKnownFileType = sourcecode.swift; path = Longitude.swift; sourceTree = "<group>"; };
		3457AB031A0D150F00C67ACD /* LongitudeTests.swift */ = {isa = PBXFileReference; fileEncoding = 4; lastKnownFileType = sourcecode.swift; path = LongitudeTests.swift; sourceTree = "<group>"; };
		347A78CF1A00E5BC007F2FBC /* Coverage.swift */ = {isa = PBXFileReference; fileEncoding = 4; lastKnownFileType = sourcecode.swift; path = Coverage.swift; sourceTree = "<group>"; };
		3492CA9419DA723D005173BB /* Result.swift */ = {isa = PBXFileReference; fileEncoding = 4; lastKnownFileType = sourcecode.swift; path = Result.swift; sourceTree = "<group>"; };
		34A7CBAD19B75FE80012606F /* Geohash Tool.app */ = {isa = PBXFileReference; explicitFileType = wrapper.application; includeInIndex = 0; path = "Geohash Tool.app"; sourceTree = BUILT_PRODUCTS_DIR; };
		34A7CBB119B75FE80012606F /* Info.plist */ = {isa = PBXFileReference; lastKnownFileType = text.plist.xml; path = Info.plist; sourceTree = "<group>"; };
		34A7CBB219B75FE80012606F /* main.swift */ = {isa = PBXFileReference; lastKnownFileType = sourcecode.swift; path = main.swift; sourceTree = "<group>"; };
		34A7CBB419B75FE80012606F /* MapViewController.swift */ = {isa = PBXFileReference; lastKnownFileType = sourcecode.swift; path = MapViewController.swift; sourceTree = "<group>"; };
		34A7CBB619B75FE80012606F /* AppDelegate.swift */ = {isa = PBXFileReference; lastKnownFileType = sourcecode.swift; path = AppDelegate.swift; sourceTree = "<group>"; };
		34A7CBB819B75FE80012606F /* Images.xcassets */ = {isa = PBXFileReference; lastKnownFileType = folder.assetcatalog; path = Images.xcassets; sourceTree = "<group>"; };
		34A7CBBB19B75FE80012606F /* Base */ = {isa = PBXFileReference; lastKnownFileType = file.storyboard; name = Base; path = Base.lproj/Main.storyboard; sourceTree = "<group>"; };
		34A7CBC119B75FE80012606F /* Geohash ToolTests.xctest */ = {isa = PBXFileReference; explicitFileType = wrapper.cfbundle; includeInIndex = 0; path = "Geohash ToolTests.xctest"; sourceTree = BUILT_PRODUCTS_DIR; };
		34A7CBC619B75FE80012606F /* Info.plist */ = {isa = PBXFileReference; lastKnownFileType = text.plist.xml; path = Info.plist; sourceTree = "<group>"; };
		34A7CBC719B75FE80012606F /* Geohash_ToolTests.swift */ = {isa = PBXFileReference; lastKnownFileType = sourcecode.swift; path = Geohash_ToolTests.swift; sourceTree = "<group>"; };
		34A7CBD119B7665F0012606F /* MapKit.framework */ = {isa = PBXFileReference; lastKnownFileType = wrapper.framework; name = MapKit.framework; path = System/Library/Frameworks/MapKit.framework; sourceTree = SDKROOT; };
		34A7CBD319B7665F0012606F /* Geohash Tool.entitlements */ = {isa = PBXFileReference; lastKnownFileType = text.xml; path = "Geohash Tool.entitlements"; sourceTree = "<group>"; };
		34BAF16519B8A24E00B00AF8 /* Geohash.swift */ = {isa = PBXFileReference; fileEncoding = 4; lastKnownFileType = sourcecode.swift; path = Geohash.swift; sourceTree = "<group>"; };
		34C3150519DABA4000F968D8 /* GeohashError.swift */ = {isa = PBXFileReference; fileEncoding = 4; lastKnownFileType = sourcecode.swift; path = GeohashError.swift; sourceTree = "<group>"; };
		34C3150819DB069A00F968D8 /* HashEncodingTests.swift */ = {isa = PBXFileReference; fileEncoding = 4; lastKnownFileType = sourcecode.swift; path = HashEncodingTests.swift; sourceTree = "<group>"; };
		34C3150B19DB0D8A00F968D8 /* GeohashTests.swift */ = {isa = PBXFileReference; fileEncoding = 4; lastKnownFileType = sourcecode.swift; path = GeohashTests.swift; sourceTree = "<group>"; };
		34C7AD1D1A132A6500601CE9 /* CoverageTests.swift */ = {isa = PBXFileReference; fileEncoding = 4; lastKnownFileType = sourcecode.swift; path = CoverageTests.swift; sourceTree = "<group>"; };
/* End PBXFileReference section */

/* Begin PBXFrameworksBuildPhase section */
		34A7CBAA19B75FE80012606F /* Frameworks */ = {
			isa = PBXFrameworksBuildPhase;
			buildActionMask = 2147483647;
			files = (
				34A7CBD219B7665F0012606F /* MapKit.framework in Frameworks */,
			);
			runOnlyForDeploymentPostprocessing = 0;
		};
		34A7CBBE19B75FE80012606F /* Frameworks */ = {
			isa = PBXFrameworksBuildPhase;
			buildActionMask = 2147483647;
			files = (
			);
			runOnlyForDeploymentPostprocessing = 0;
		};
/* End PBXFrameworksBuildPhase section */

/* Begin PBXGroup section */
		34A7CBA419B75FE80012606F = {
			isa = PBXGroup;
			children = (
				34A7CBD119B7665F0012606F /* MapKit.framework */,
				34A7CBAF19B75FE80012606F /* Geohash Tool */,
				34A7CBC419B75FE80012606F /* Geohash ToolTests */,
				34A7CBAE19B75FE80012606F /* Products */,
			);
			sourceTree = "<group>";
		};
		34A7CBAE19B75FE80012606F /* Products */ = {
			isa = PBXGroup;
			children = (
				34A7CBAD19B75FE80012606F /* Geohash Tool.app */,
				34A7CBC119B75FE80012606F /* Geohash ToolTests.xctest */,
			);
			name = Products;
			sourceTree = "<group>";
		};
		34A7CBAF19B75FE80012606F /* Geohash Tool */ = {
			isa = PBXGroup;
			children = (
				34BAF16419B8A1FF00B00AF8 /* GeohashKit */,
				34A7CBD319B7665F0012606F /* Geohash Tool.entitlements */,
				34A7CBB419B75FE80012606F /* MapViewController.swift */,
				34A7CBB619B75FE80012606F /* AppDelegate.swift */,
				34A7CBB819B75FE80012606F /* Images.xcassets */,
				34A7CBBA19B75FE80012606F /* Main.storyboard */,
				34A7CBB019B75FE80012606F /* Supporting Files */,
			);
			path = "Geohash Tool";
			sourceTree = "<group>";
		};
		34A7CBB019B75FE80012606F /* Supporting Files */ = {
			isa = PBXGroup;
			children = (
				34A7CBB119B75FE80012606F /* Info.plist */,
				34A7CBB219B75FE80012606F /* main.swift */,
			);
			name = "Supporting Files";
			sourceTree = "<group>";
		};
		34A7CBC419B75FE80012606F /* Geohash ToolTests */ = {
			isa = PBXGroup;
			children = (
				34C3150B19DB0D8A00F968D8 /* GeohashTests.swift */,
				34A7CBC719B75FE80012606F /* Geohash_ToolTests.swift */,
				34C3150819DB069A00F968D8 /* HashEncodingTests.swift */,
				3457AB031A0D150F00C67ACD /* LongitudeTests.swift */,
				34C7AD1D1A132A6500601CE9 /* CoverageTests.swift */,
				34A7CBC519B75FE80012606F /* Supporting Files */,
			);
			path = "Geohash ToolTests";
			sourceTree = "<group>";
		};
		34A7CBC519B75FE80012606F /* Supporting Files */ = {
			isa = PBXGroup;
			children = (
				34A7CBC619B75FE80012606F /* Info.plist */,
			);
			name = "Supporting Files";
			sourceTree = "<group>";
		};
		34BAF16419B8A1FF00B00AF8 /* GeohashKit */ = {
			isa = PBXGroup;
			children = (
				34BAF16519B8A24E00B00AF8 /* Geohash.swift */,
				3412D39E19CB2FCE00CA8447 /* Direction.swift */,
				3412D3A019CB306F00CA8447 /* Parity.swift */,
				3437ADFD19DA45FB00BE371E /* HashEncoding.swift */,
				3492CA9419DA723D005173BB /* Result.swift */,
				34C3150519DABA4000F968D8 /* GeohashError.swift */,
				347A78CF1A00E5BC007F2FBC /* Coverage.swift */,
				3457AB001A0D109400C67ACD /* Longitude.swift */,
			);
			name = GeohashKit;
			sourceTree = "<group>";
		};
/* End PBXGroup section */

/* Begin PBXNativeTarget section */
		34A7CBAC19B75FE80012606F /* Geohash Tool */ = {
			isa = PBXNativeTarget;
			buildConfigurationList = 34A7CBCB19B75FE80012606F /* Build configuration list for PBXNativeTarget "Geohash Tool" */;
			buildPhases = (
				34A7CBA919B75FE80012606F /* Sources */,
				34A7CBAA19B75FE80012606F /* Frameworks */,
				34A7CBAB19B75FE80012606F /* Resources */,
			);
			buildRules = (
			);
			dependencies = (
			);
			name = "Geohash Tool";
			productName = "Geohash Tool";
			productReference = 34A7CBAD19B75FE80012606F /* Geohash Tool.app */;
			productType = "com.apple.product-type.application";
		};
		34A7CBC019B75FE80012606F /* Geohash ToolTests */ = {
			isa = PBXNativeTarget;
			buildConfigurationList = 34A7CBCE19B75FE80012606F /* Build configuration list for PBXNativeTarget "Geohash ToolTests" */;
			buildPhases = (
				34A7CBBD19B75FE80012606F /* Sources */,
				34A7CBBE19B75FE80012606F /* Frameworks */,
				34A7CBBF19B75FE80012606F /* Resources */,
			);
			buildRules = (
			);
			dependencies = (
				34A7CBC319B75FE80012606F /* PBXTargetDependency */,
			);
			name = "Geohash ToolTests";
			productName = "Geohash ToolTests";
			productReference = 34A7CBC119B75FE80012606F /* Geohash ToolTests.xctest */;
			productType = "com.apple.product-type.bundle.unit-test";
		};
/* End PBXNativeTarget section */

/* Begin PBXProject section */
		34A7CBA519B75FE80012606F /* Project object */ = {
			isa = PBXProject;
			attributes = {
				LastUpgradeCheck = 0600;
				ORGANIZATIONNAME = "Vy-Shane Sin Fat";
				TargetAttributes = {
					34A7CBAC19B75FE80012606F = {
						CreatedOnToolsVersion = 6.0;
						DevelopmentTeam = 9A22Z45ZAV;
						SystemCapabilities = {
							com.apple.Maps.Mac = {
								enabled = 1;
							};
						};
					};
					34A7CBC019B75FE80012606F = {
						CreatedOnToolsVersion = 6.0;
						TestTargetID = 34A7CBAC19B75FE80012606F;
					};
				};
			};
			buildConfigurationList = 34A7CBA819B75FE80012606F /* Build configuration list for PBXProject "Geohash Tool" */;
			compatibilityVersion = "Xcode 3.2";
			developmentRegion = English;
			hasScannedForEncodings = 0;
			knownRegions = (
				en,
				Base,
			);
			mainGroup = 34A7CBA419B75FE80012606F;
			productRefGroup = 34A7CBAE19B75FE80012606F /* Products */;
			projectDirPath = "";
			projectRoot = "";
			targets = (
				34A7CBAC19B75FE80012606F /* Geohash Tool */,
				34A7CBC019B75FE80012606F /* Geohash ToolTests */,
			);
		};
/* End PBXProject section */

/* Begin PBXResourcesBuildPhase section */
		34A7CBAB19B75FE80012606F /* Resources */ = {
			isa = PBXResourcesBuildPhase;
			buildActionMask = 2147483647;
			files = (
				34A7CBB919B75FE80012606F /* Images.xcassets in Resources */,
				34A7CBBC19B75FE80012606F /* Main.storyboard in Resources */,
			);
			runOnlyForDeploymentPostprocessing = 0;
		};
		34A7CBBF19B75FE80012606F /* Resources */ = {
			isa = PBXResourcesBuildPhase;
			buildActionMask = 2147483647;
			files = (
			);
			runOnlyForDeploymentPostprocessing = 0;
		};
/* End PBXResourcesBuildPhase section */

/* Begin PBXSourcesBuildPhase section */
		34A7CBA919B75FE80012606F /* Sources */ = {
			isa = PBXSourcesBuildPhase;
			buildActionMask = 2147483647;
			files = (
				34A7CBB719B75FE80012606F /* AppDelegate.swift in Sources */,
				3457AB011A0D109400C67ACD /* Longitude.swift in Sources */,
				347A78D01A00E5BC007F2FBC /* Coverage.swift in Sources */,
				3437ADFE19DA45FB00BE371E /* HashEncoding.swift in Sources */,
				34A7CBB519B75FE80012606F /* MapViewController.swift in Sources */,
				3412D3A119CB306F00CA8447 /* Parity.swift in Sources */,
				34C3150619DABA4000F968D8 /* GeohashError.swift in Sources */,
				34A7CBB319B75FE80012606F /* main.swift in Sources */,
				3412D39F19CB2FCE00CA8447 /* Direction.swift in Sources */,
				3492CA9519DA723D005173BB /* Result.swift in Sources */,
				34BAF16619B8A24E00B00AF8 /* Geohash.swift in Sources */,
			);
			runOnlyForDeploymentPostprocessing = 0;
		};
		34A7CBBD19B75FE80012606F /* Sources */ = {
			isa = PBXSourcesBuildPhase;
			buildActionMask = 2147483647;
			files = (
				34C7AD1F1A13A87900601CE9 /* Coverage.swift in Sources */,
				340CBAF719DA7DD700B87DFF /* Parity.swift in Sources */,
				34C7AD1E1A132A6500601CE9 /* CoverageTests.swift in Sources */,
				3457AB021A0D149900C67ACD /* Longitude.swift in Sources */,
				340CBAF619DA7DD300B87DFF /* Result.swift in Sources */,
				3437ADFF19DA45FB00BE371E /* HashEncoding.swift in Sources */,
				34C3150719DABA4000F968D8 /* GeohashError.swift in Sources */,
				3457AB041A0D150F00C67ACD /* LongitudeTests.swift in Sources */,
				340CBAF919DA7DDC00B87DFF /* Geohash.swift in Sources */,
				34C3150C19DB0D8A00F968D8 /* GeohashTests.swift in Sources */,
				340CBAF819DA7DD900B87DFF /* Direction.swift in Sources */,
				34C3150A19DB069A00F968D8 /* HashEncodingTests.swift in Sources */,
				34A7CBC819B75FE80012606F /* Geohash_ToolTests.swift in Sources */,
			);
			runOnlyForDeploymentPostprocessing = 0;
		};
/* End PBXSourcesBuildPhase section */

/* Begin PBXTargetDependency section */
		34A7CBC319B75FE80012606F /* PBXTargetDependency */ = {
			isa = PBXTargetDependency;
			target = 34A7CBAC19B75FE80012606F /* Geohash Tool */;
			targetProxy = 34A7CBC219B75FE80012606F /* PBXContainerItemProxy */;
		};
/* End PBXTargetDependency section */

/* Begin PBXVariantGroup section */
		34A7CBBA19B75FE80012606F /* Main.storyboard */ = {
			isa = PBXVariantGroup;
			children = (
				34A7CBBB19B75FE80012606F /* Base */,
			);
			name = Main.storyboard;
			sourceTree = "<group>";
		};
/* End PBXVariantGroup section */

/* Begin XCBuildConfiguration section */
		34A7CBC919B75FE80012606F /* Debug */ = {
			isa = XCBuildConfiguration;
			buildSettings = {
				ALWAYS_SEARCH_USER_PATHS = NO;
				CLANG_CXX_LANGUAGE_STANDARD = "gnu++0x";
				CLANG_CXX_LIBRARY = "libc++";
				CLANG_ENABLE_MODULES = YES;
				CLANG_ENABLE_OBJC_ARC = YES;
				CLANG_WARN_BOOL_CONVERSION = YES;
				CLANG_WARN_CONSTANT_CONVERSION = YES;
				CLANG_WARN_DIRECT_OBJC_ISA_USAGE = YES_ERROR;
				CLANG_WARN_EMPTY_BODY = YES;
				CLANG_WARN_ENUM_CONVERSION = YES;
				CLANG_WARN_INT_CONVERSION = YES;
				CLANG_WARN_OBJC_ROOT_CLASS = YES_ERROR;
				CLANG_WARN_UNREACHABLE_CODE = YES;
				CLANG_WARN__DUPLICATE_METHOD_MATCH = YES;
				CODE_SIGN_IDENTITY = "-";
				COPY_PHASE_STRIP = NO;
				ENABLE_STRICT_OBJC_MSGSEND = YES;
				GCC_C_LANGUAGE_STANDARD = gnu99;
				GCC_DYNAMIC_NO_PIC = NO;
				GCC_OPTIMIZATION_LEVEL = 0;
				GCC_PREPROCESSOR_DEFINITIONS = (
					"DEBUG=1",
					"$(inherited)",
				);
				GCC_SYMBOLS_PRIVATE_EXTERN = NO;
				GCC_WARN_64_TO_32_BIT_CONVERSION = YES;
				GCC_WARN_ABOUT_RETURN_TYPE = YES_ERROR;
				GCC_WARN_UNDECLARED_SELECTOR = YES;
				GCC_WARN_UNINITIALIZED_AUTOS = YES_AGGRESSIVE;
				GCC_WARN_UNUSED_FUNCTION = YES;
				GCC_WARN_UNUSED_VARIABLE = YES;
				MACOSX_DEPLOYMENT_TARGET = 10.10;
				MTL_ENABLE_DEBUG_INFO = YES;
				ONLY_ACTIVE_ARCH = YES;
				SDKROOT = macosx;
				SWIFT_OPTIMIZATION_LEVEL = "-Onone";
			};
			name = Debug;
		};
		34A7CBCA19B75FE80012606F /* Release */ = {
			isa = XCBuildConfiguration;
			buildSettings = {
				ALWAYS_SEARCH_USER_PATHS = NO;
				CLANG_CXX_LANGUAGE_STANDARD = "gnu++0x";
				CLANG_CXX_LIBRARY = "libc++";
				CLANG_ENABLE_MODULES = YES;
				CLANG_ENABLE_OBJC_ARC = YES;
				CLANG_WARN_BOOL_CONVERSION = YES;
				CLANG_WARN_CONSTANT_CONVERSION = YES;
				CLANG_WARN_DIRECT_OBJC_ISA_USAGE = YES_ERROR;
				CLANG_WARN_EMPTY_BODY = YES;
				CLANG_WARN_ENUM_CONVERSION = YES;
				CLANG_WARN_INT_CONVERSION = YES;
				CLANG_WARN_OBJC_ROOT_CLASS = YES_ERROR;
				CLANG_WARN_UNREACHABLE_CODE = YES;
				CLANG_WARN__DUPLICATE_METHOD_MATCH = YES;
				CODE_SIGN_IDENTITY = "-";
				COPY_PHASE_STRIP = YES;
				DEBUG_INFORMATION_FORMAT = "dwarf-with-dsym";
				ENABLE_NS_ASSERTIONS = NO;
				ENABLE_STRICT_OBJC_MSGSEND = YES;
				GCC_C_LANGUAGE_STANDARD = gnu99;
				GCC_WARN_64_TO_32_BIT_CONVERSION = YES;
				GCC_WARN_ABOUT_RETURN_TYPE = YES_ERROR;
				GCC_WARN_UNDECLARED_SELECTOR = YES;
				GCC_WARN_UNINITIALIZED_AUTOS = YES_AGGRESSIVE;
				GCC_WARN_UNUSED_FUNCTION = YES;
				GCC_WARN_UNUSED_VARIABLE = YES;
				MACOSX_DEPLOYMENT_TARGET = 10.10;
				MTL_ENABLE_DEBUG_INFO = NO;
				SDKROOT = macosx;
			};
			name = Release;
		};
		34A7CBCC19B75FE80012606F /* Debug */ = {
			isa = XCBuildConfiguration;
			buildSettings = {
				ASSETCATALOG_COMPILER_APPICON_NAME = AppIcon;
				CODE_SIGN_ENTITLEMENTS = "Geohash Tool/Geohash Tool.entitlements";
				CODE_SIGN_IDENTITY = "Mac Developer";
				"CODE_SIGN_IDENTITY[sdk=macosx*]" = "Mac Developer";
				COMBINE_HIDPI_IMAGES = YES;
				INFOPLIST_FILE = "Geohash Tool/Info.plist";
				LD_RUNPATH_SEARCH_PATHS = "$(inherited) @executable_path/../Frameworks";
				PRODUCT_NAME = "$(TARGET_NAME)";
				PROVISIONING_PROFILE = "";
			};
			name = Debug;
		};
		34A7CBCD19B75FE80012606F /* Release */ = {
			isa = XCBuildConfiguration;
			buildSettings = {
				ASSETCATALOG_COMPILER_APPICON_NAME = AppIcon;
				CODE_SIGN_ENTITLEMENTS = "Geohash Tool/Geohash Tool.entitlements";
				CODE_SIGN_IDENTITY = "Mac Developer";
				"CODE_SIGN_IDENTITY[sdk=macosx*]" = "Mac Developer";
				COMBINE_HIDPI_IMAGES = YES;
				INFOPLIST_FILE = "Geohash Tool/Info.plist";
				LD_RUNPATH_SEARCH_PATHS = "$(inherited) @executable_path/../Frameworks";
				PRODUCT_NAME = "$(TARGET_NAME)";
				PROVISIONING_PROFILE = "";
			};
			name = Release;
		};
		34A7CBCF19B75FE80012606F /* Debug */ = {
			isa = XCBuildConfiguration;
			buildSettings = {
				BUNDLE_LOADER = "$(TEST_HOST)";
				COMBINE_HIDPI_IMAGES = YES;
				FRAMEWORK_SEARCH_PATHS = (
					"$(DEVELOPER_FRAMEWORKS_DIR)",
					"$(inherited)",
				);
				GCC_PREPROCESSOR_DEFINITIONS = (
					"DEBUG=1",
					"$(inherited)",
				);
				INFOPLIST_FILE = "Geohash ToolTests/Info.plist";
				LD_RUNPATH_SEARCH_PATHS = "$(inherited) @executable_path/../Frameworks @loader_path/../Frameworks";
				PRODUCT_NAME = "$(TARGET_NAME)";
				TEST_HOST = "$(BUILT_PRODUCTS_DIR)/Geohash Tool.app/Contents/MacOS/Geohash Tool";
			};
			name = Debug;
		};
		34A7CBD019B75FE80012606F /* Release */ = {
			isa = XCBuildConfiguration;
			buildSettings = {
				BUNDLE_LOADER = "$(TEST_HOST)";
				COMBINE_HIDPI_IMAGES = YES;
				FRAMEWORK_SEARCH_PATHS = (
					"$(DEVELOPER_FRAMEWORKS_DIR)",
					"$(inherited)",
				);
				INFOPLIST_FILE = "Geohash ToolTests/Info.plist";
				LD_RUNPATH_SEARCH_PATHS = "$(inherited) @executable_path/../Frameworks @loader_path/../Frameworks";
				PRODUCT_NAME = "$(TARGET_NAME)";
				TEST_HOST = "$(BUILT_PRODUCTS_DIR)/Geohash Tool.app/Contents/MacOS/Geohash Tool";
			};
			name = Release;
		};
/* End XCBuildConfiguration section */

/* Begin XCConfigurationList section */
		34A7CBA819B75FE80012606F /* Build configuration list for PBXProject "Geohash Tool" */ = {
			isa = XCConfigurationList;
			buildConfigurations = (
				34A7CBC919B75FE80012606F /* Debug */,
				34A7CBCA19B75FE80012606F /* Release */,
			);
			defaultConfigurationIsVisible = 0;
			defaultConfigurationName = Release;
		};
		34A7CBCB19B75FE80012606F /* Build configuration list for PBXNativeTarget "Geohash Tool" */ = {
			isa = XCConfigurationList;
			buildConfigurations = (
				34A7CBCC19B75FE80012606F /* Debug */,
				34A7CBCD19B75FE80012606F /* Release */,
			);
			defaultConfigurationIsVisible = 0;
			defaultConfigurationName = Release;
		};
		34A7CBCE19B75FE80012606F /* Build configuration list for PBXNativeTarget "Geohash ToolTests" */ = {
			isa = XCConfigurationList;
			buildConfigurations = (
				34A7CBCF19B75FE80012606F /* Debug */,
				34A7CBD019B75FE80012606F /* Release */,
			);
			defaultConfigurationIsVisible = 0;
			defaultConfigurationName = Release;
		};
/* End XCConfigurationList section */
	};
	rootObject = 34A7CBA519B75FE80012606F /* Project object */;
}
